
Microsoft Visual Studio Solution File, Format Version 12.00
# Visual Studio Version 16
VisualStudioVersion = 16.0.32901.82
MinimumVisualStudioVersion = 10.0.40219.1
Project("{2150E333-8FDC-42A3-9474-1A3956D46DE8}") = "_APILayer", "_APILayer", "{48F6040B-C66A-4921-BF68-7BDFFC833D14}"
EndProject
Project("{2150E333-8FDC-42A3-9474-1A3956D46DE8}") = "_UILayer", "_UILayer", "{5C1206C5-3A64-48D8-AD50-C615CD42965B}"
EndProject
Project("{2150E333-8FDC-42A3-9474-1A3956D46DE8}") = "Services", "Services", "{8572C8E4-5DB7-4F84-822A-CF5C742397C4}"
EndProject
Project("{FAE04EC0-301F-11D3-BF4B-00C04F79EFBC}") = "AuditAPI", "AuditAPI\AuditAPI.csproj", "{5C701232-237B-4A03-B81E-A72C392A83AF}"
EndProject
Project("{FAE04EC0-301F-11D3-BF4B-00C04F79EFBC}") = "AuditMVC", "AuditMVC\AuditMVC.csproj", "{7EE67F8B-AD88-49EA-86EE-16B0057A373F}"
EndProject
Global
	GlobalSection(SolutionConfigurationPlatforms) = preSolution
		Debug|Any CPU = Debug|Any CPU
		Release|Any CPU = Release|Any CPU
	EndGlobalSection
	GlobalSection(ProjectConfigurationPlatforms) = postSolution
		{5C701232-237B-4A03-B81E-A72C392A83AF}.Debug|Any CPU.ActiveCfg = Debug|Any CPU
		{5C701232-237B-4A03-B81E-A72C392A83AF}.Debug|Any CPU.Build.0 = Debug|Any CPU
		{5C701232-237B-4A03-B81E-A72C392A83AF}.Release|Any CPU.ActiveCfg = Release|Any CPU
		{5C701232-237B-4A03-B81E-A72C392A83AF}.Release|Any CPU.Build.0 = Release|Any CPU
		{7EE67F8B-AD88-49EA-86EE-16B0057A373F}.Debug|Any CPU.ActiveCfg = Debug|Any CPU
		{7EE67F8B-AD88-49EA-86EE-16B0057A373F}.Debug|Any CPU.Build.0 = Debug|Any CPU
		{7EE67F8B-AD88-49EA-86EE-16B0057A373F}.Release|Any CPU.ActiveCfg = Release|Any CPU
		{7EE67F8B-AD88-49EA-86EE-16B0057A373F}.Release|Any CPU.Build.0 = Release|Any CPU
	EndGlobalSection
	GlobalSection(SolutionProperties) = preSolution
		HideSolutionNode = FALSE
	EndGlobalSection
	GlobalSection(NestedProjects) = preSolution
		{5C701232-237B-4A03-B81E-A72C392A83AF} = {48F6040B-C66A-4921-BF68-7BDFFC833D14}
		{7EE67F8B-AD88-49EA-86EE-16B0057A373F} = {5C1206C5-3A64-48D8-AD50-C615CD42965B}
	EndGlobalSection
	GlobalSection(ExtensibilityGlobals) = postSolution
		SolutionGuid = {A80EFD52-28A2-4635-84CC-11133C86BCC2}
	EndGlobalSection
EndGlobal
